
Microsoft Visual Studio Solution File, Format Version 12.00
# Visual Studio 15
VisualStudioVersion = 15.0.27428.2037
MinimumVisualStudioVersion = 10.0.40219.1
Project("{2150E333-8FDC-42A3-9474-1A3956D46DE8}") = "linux", "linux", "{A52648D1-7DE3-4C23-918D-A62D1D5423AE}"
EndProject
Project("{2150E333-8FDC-42A3-9474-1A3956D46DE8}") = "test", "test", "{1748E66E-C250-4A4E-A122-39425777FEA4}"
	ProjectSection(SolutionItems) = preProject
		linux\test\Makefile = linux\test\Makefile
	EndProjectSection
EndProject
Project("{2150E333-8FDC-42A3-9474-1A3956D46DE8}") = "android", "android", "{27C40CC8-96D7-4CFC-9CAB-E62B22007F8D}"
EndProject
Project("{8BC9CEB8-8B4A-11D0-8D11-00A0C91BC942}") = "test", "src\test\test.vcxproj", "{337BEEC3-0F54-44E1-BB52-A16E835D062F}"
	ProjectSection(ProjectDependencies) = postProject
		{CCFD8906-1821-46F6-9404-24B03320B6E9} = {CCFD8906-1821-46F6-9404-24B03320B6E9}
		{6A175D1F-F40F-4614-A0A4-5B5322483EF9} = {6A175D1F-F40F-4614-A0A4-5B5322483EF9}
		{DBA7AB57-D1BD-4C97-ADD1-1CE176EADFF8} = {DBA7AB57-D1BD-4C97-ADD1-1CE176EADFF8}
		{B3C44EF9-DF7E-47D7-A166-9F26F9CE7348} = {B3C44EF9-DF7E-47D7-A166-9F26F9CE7348}
	EndProjectSection
EndProject
Project("{8BC9CEB8-8B4A-11D0-8D11-00A0C91BC942}") = "libp2p", "src\libp2p\libp2p.vcxproj", "{CCFD8906-1821-46F6-9404-24B03320B6E9}"
	ProjectSection(ProjectDependencies) = postProject
		{DBA7AB57-D1BD-4C97-ADD1-1CE176EADFF8} = {DBA7AB57-D1BD-4C97-ADD1-1CE176EADFF8}
	EndProjectSection
EndProject
Project("{8BC9CEB8-8B4A-11D0-8D11-00A0C91BC942}") = "libclutil", "src\libclutil\libclutil.vcxproj", "{DBA7AB57-D1BD-4C97-ADD1-1CE176EADFF8}"
EndProject
Project("{2150E333-8FDC-42A3-9474-1A3956D46DE8}") = "Solution Items", "Solution Items", "{76972526-D6E2-43E9-8987-7E8F45DFFEA3}"
	ProjectSection(SolutionItems) = preProject
		src\code.log = src\code.log
		readme = readme
		src\测试.xlsx = src\测试.xlsx
		版本说明.txt = 版本说明.txt
	EndProjectSection
EndProject
Project("{2150E333-8FDC-42A3-9474-1A3956D46DE8}") = "doc", "doc", "{A6D6B7AA-1BA1-4EA6-8285-7182D48D5E45}"
	ProjectSection(SolutionItems) = preProject
		doc\chain.png = doc\chain.png
		doc\clchain说明.docx = doc\clchain说明.docx
		doc\lightchain.docx = doc\lightchain.docx
		doc\task.txt = doc\task.txt
	EndProjectSection
EndProject
Project("{8BC9CEB8-8B4A-11D0-8D11-00A0C91BC942}") = "libcljson", "src\libcljson\libcljson.vcxproj", "{10C392C0-219B-4058-A7D7-B559A5610350}"
EndProject
Project("{8BC9CEB8-8B4A-11D0-8D11-00A0C91BC942}") = "libcrypto", "src\libcrypto\libcrypto.vcxproj", "{B3C44EF9-DF7E-47D7-A166-9F26F9CE7348}"
EndProject
Project("{8BC9CEB8-8B4A-11D0-8D11-00A0C91BC942}") = "libchain", "src\libchain\libchain.vcxproj", "{6A175D1F-F40F-4614-A0A4-5B5322483EF9}"
	ProjectSection(ProjectDependencies) = postProject
		{DBA7AB57-D1BD-4C97-ADD1-1CE176EADFF8} = {DBA7AB57-D1BD-4C97-ADD1-1CE176EADFF8}
		{B3C44EF9-DF7E-47D7-A166-9F26F9CE7348} = {B3C44EF9-DF7E-47D7-A166-9F26F9CE7348}
	EndProjectSection
EndProject
Project("{8BC9CEB8-8B4A-11D0-8D11-00A0C91BC942}") = "libhttpsvr", "src\libhttpsvr\libhttpsvr.vcxproj", "{16B86098-11EA-472A-967C-F84FF2C174F5}"
EndProject
Project("{8BC9CEB8-8B4A-11D0-8D11-00A0C91BC942}") = "libcldb", "src\libcldb\libcldb.vcxproj", "{7DE29BF7-565D-4D8A-B0F0-B5B433527DB9}"
EndProject
Project("{8BC9CEB8-8B4A-11D0-8D11-00A0C91BC942}") = "tracker", "src\tracker\tracker.vcxproj", "{E71410D5-983E-4DA2-9340-9554E7D3E703}"
	ProjectSection(ProjectDependencies) = postProject
		{6A175D1F-F40F-4614-A0A4-5B5322483EF9} = {6A175D1F-F40F-4614-A0A4-5B5322483EF9}
		{DBA7AB57-D1BD-4C97-ADD1-1CE176EADFF8} = {DBA7AB57-D1BD-4C97-ADD1-1CE176EADFF8}
		{16B86098-11EA-472A-967C-F84FF2C174F5} = {16B86098-11EA-472A-967C-F84FF2C174F5}
		{10C392C0-219B-4058-A7D7-B559A5610350} = {10C392C0-219B-4058-A7D7-B559A5610350}
		{7DE29BF7-565D-4D8A-B0F0-B5B433527DB9} = {7DE29BF7-565D-4D8A-B0F0-B5B433527DB9}
	EndProjectSection
EndProject
Project("{8BC9CEB8-8B4A-11D0-8D11-00A0C91BC942}") = "testcmake", "src\testcmake\testcmake.vcxproj", "{A35146D7-3F8E-4692-9C31-51752CC89274}"
EndProject
Project("{8BC9CEB8-8B4A-11D0-8D11-00A0C91BC942}") = "chain", "src\chain\chain.vcxproj", "{FEC0B5ED-1544-4AB5-BEC8-B45211DBDCFC}"
	ProjectSection(ProjectDependencies) = postProject
		{6A175D1F-F40F-4614-A0A4-5B5322483EF9} = {6A175D1F-F40F-4614-A0A4-5B5322483EF9}
		{DBA7AB57-D1BD-4C97-ADD1-1CE176EADFF8} = {DBA7AB57-D1BD-4C97-ADD1-1CE176EADFF8}
		{16B86098-11EA-472A-967C-F84FF2C174F5} = {16B86098-11EA-472A-967C-F84FF2C174F5}
		{10C392C0-219B-4058-A7D7-B559A5610350} = {10C392C0-219B-4058-A7D7-B559A5610350}
		{85535FDB-69C1-4D8D-BEAC-9AD384D33357} = {85535FDB-69C1-4D8D-BEAC-9AD384D33357}
		{B3C44EF9-DF7E-47D7-A166-9F26F9CE7348} = {B3C44EF9-DF7E-47D7-A166-9F26F9CE7348}
	EndProjectSection
EndProject
Project("{2150E333-8FDC-42A3-9474-1A3956D46DE8}") = "chain", "chain", "{93762AE9-DB4D-44ED-8FF8-38CA5F78DE82}"
	ProjectSection(SolutionItems) = preProject
		linux\chain\Makefile = linux\chain\Makefile
		linux\chain\Makefile.1 = linux\chain\Makefile.1
	EndProjectSection
EndProject
Project("{2150E333-8FDC-42A3-9474-1A3956D46DE8}") = "tracker", "tracker", "{3ED17204-CCBD-4B44-9173-63C7546D06B3}"
	ProjectSection(SolutionItems) = preProject
		linux\tracker\Makefile = linux\tracker\Makefile
	EndProjectSection
EndProject
Project("{8BC9CEB8-8B4A-11D0-8D11-00A0C91BC942}") = "secp256k1", "src\secp256k1\secp256k1.vcxproj", "{85535FDB-69C1-4D8D-BEAC-9AD384D33357}"
EndProject
Project("{8BC9CEB8-8B4A-11D0-8D11-00A0C91BC942}") = "test_sign", "src\test_sign\test_sign.vcxproj", "{052F6C35-F96A-4E71-A5A2-EFD8AD1EF3C5}"
	ProjectSection(ProjectDependencies) = postProject
		{DBA7AB57-D1BD-4C97-ADD1-1CE176EADFF8} = {DBA7AB57-D1BD-4C97-ADD1-1CE176EADFF8}
		{85535FDB-69C1-4D8D-BEAC-9AD384D33357} = {85535FDB-69C1-4D8D-BEAC-9AD384D33357}
		{B3C44EF9-DF7E-47D7-A166-9F26F9CE7348} = {B3C44EF9-DF7E-47D7-A166-9F26F9CE7348}
	EndProjectSection
EndProject
Project("{2150E333-8FDC-42A3-9474-1A3956D46DE8}") = "test_sign", "test_sign", "{590D2653-9782-4FB4-A598-6FB21BF9AC57}"
	ProjectSection(SolutionItems) = preProject
		android\test_sign\jni\Android.mk = android\test_sign\jni\Android.mk
		android\test_sign\jni\Application.mk = android\test_sign\jni\Application.mk
	EndProjectSection
EndProject
Project("{2150E333-8FDC-42A3-9474-1A3956D46DE8}") = "test_sign", "test_sign", "{53764E68-7632-4A1A-AA45-702E769696B5}"
	ProjectSection(SolutionItems) = preProject
		linux\test_sign\Makefile = linux\test_sign\Makefile
		linux\test_sign\Makefile.1 = linux\test_sign\Makefile.1
	EndProjectSection
EndProject
Project("{8BC9CEB8-8B4A-11D0-8D11-00A0C91BC942}") = "sqlite", "src\sqlite\sqlite.vcxproj", "{63488626-490F-4B60-829D-3ECA63D6D10D}"
EndProject
Global
	GlobalSection(SolutionConfigurationPlatforms) = preSolution
		debug_dll|x64 = debug_dll|x64
		debug_dll|x86 = debug_dll|x86
		Debug|x64 = Debug|x64
		Debug|x86 = Debug|x86
		Release|x64 = Release|x64
		Release|x86 = Release|x86
	EndGlobalSection
	GlobalSection(ProjectConfigurationPlatforms) = postSolution
		{337BEEC3-0F54-44E1-BB52-A16E835D062F}.debug_dll|x64.ActiveCfg = Debug|x64
		{337BEEC3-0F54-44E1-BB52-A16E835D062F}.debug_dll|x64.Build.0 = Debug|x64
		{337BEEC3-0F54-44E1-BB52-A16E835D062F}.debug_dll|x86.ActiveCfg = Debug|Win32
		{337BEEC3-0F54-44E1-BB52-A16E835D062F}.debug_dll|x86.Build.0 = Debug|Win32
		{337BEEC3-0F54-44E1-BB52-A16E835D062F}.Debug|x64.ActiveCfg = Debug|x64
		{337BEEC3-0F54-44E1-BB52-A16E835D062F}.Debug|x64.Build.0 = Debug|x64
		{337BEEC3-0F54-44E1-BB52-A16E835D062F}.Debug|x86.ActiveCfg = Debug|Win32
		{337BEEC3-0F54-44E1-BB52-A16E835D062F}.Debug|x86.Build.0 = Debug|Win32
		{337BEEC3-0F54-44E1-BB52-A16E835D062F}.Release|x64.ActiveCfg = Release|x64
		{337BEEC3-0F54-44E1-BB52-A16E835D062F}.Release|x64.Build.0 = Release|x64
		{337BEEC3-0F54-44E1-BB52-A16E835D062F}.Release|x86.ActiveCfg = Release|Win32
		{337BEEC3-0F54-44E1-BB52-A16E835D062F}.Release|x86.Build.0 = Release|Win32
		{CCFD8906-1821-46F6-9404-24B03320B6E9}.debug_dll|x64.ActiveCfg = Debug|x64
		{CCFD8906-1821-46F6-9404-24B03320B6E9}.debug_dll|x64.Build.0 = Debug|x64
		{CCFD8906-1821-46F6-9404-24B03320B6E9}.debug_dll|x86.ActiveCfg = Debug|Win32
		{CCFD8906-1821-46F6-9404-24B03320B6E9}.debug_dll|x86.Build.0 = Debug|Win32
		{CCFD8906-1821-46F6-9404-24B03320B6E9}.Debug|x64.ActiveCfg = Debug|x64
		{CCFD8906-1821-46F6-9404-24B03320B6E9}.Debug|x64.Build.0 = Debug|x64
		{CCFD8906-1821-46F6-9404-24B03320B6E9}.Debug|x86.ActiveCfg = Debug|Win32
		{CCFD8906-1821-46F6-9404-24B03320B6E9}.Debug|x86.Build.0 = Debug|Win32
		{CCFD8906-1821-46F6-9404-24B03320B6E9}.Release|x64.ActiveCfg = Release|x64
		{CCFD8906-1821-46F6-9404-24B03320B6E9}.Release|x64.Build.0 = Release|x64
		{CCFD8906-1821-46F6-9404-24B03320B6E9}.Release|x86.ActiveCfg = Release|Win32
		{CCFD8906-1821-46F6-9404-24B03320B6E9}.Release|x86.Build.0 = Release|Win32
		{DBA7AB57-D1BD-4C97-ADD1-1CE176EADFF8}.debug_dll|x64.ActiveCfg = Debug|x64
		{DBA7AB57-D1BD-4C97-ADD1-1CE176EADFF8}.debug_dll|x64.Build.0 = Debug|x64
		{DBA7AB57-D1BD-4C97-ADD1-1CE176EADFF8}.debug_dll|x86.ActiveCfg = Debug|Win32
		{DBA7AB57-D1BD-4C97-ADD1-1CE176EADFF8}.debug_dll|x86.Build.0 = Debug|Win32
		{DBA7AB57-D1BD-4C97-ADD1-1CE176EADFF8}.Debug|x64.ActiveCfg = Debug|x64
		{DBA7AB57-D1BD-4C97-ADD1-1CE176EADFF8}.Debug|x64.Build.0 = Debug|x64
		{DBA7AB57-D1BD-4C97-ADD1-1CE176EADFF8}.Debug|x86.ActiveCfg = Debug|Win32
		{DBA7AB57-D1BD-4C97-ADD1-1CE176EADFF8}.Debug|x86.Build.0 = Debug|Win32
		{DBA7AB57-D1BD-4C97-ADD1-1CE176EADFF8}.Release|x64.ActiveCfg = Release|x64
		{DBA7AB57-D1BD-4C97-ADD1-1CE176EADFF8}.Release|x64.Build.0 = Release|x64
		{DBA7AB57-D1BD-4C97-ADD1-1CE176EADFF8}.Release|x86.ActiveCfg = Release|Win32
		{DBA7AB57-D1BD-4C97-ADD1-1CE176EADFF8}.Release|x86.Build.0 = Release|Win32
		{10C392C0-219B-4058-A7D7-B559A5610350}.debug_dll|x64.ActiveCfg = debug_dll|Win32
		{10C392C0-219B-4058-A7D7-B559A5610350}.debug_dll|x86.ActiveCfg = debug_dll|Win32
		{10C392C0-219B-4058-A7D7-B559A5610350}.debug_dll|x86.Build.0 = debug_dll|Win32
		{10C392C0-219B-4058-A7D7-B559A5610350}.Debug|x64.ActiveCfg = Debug|x64
		{10C392C0-219B-4058-A7D7-B559A5610350}.Debug|x64.Build.0 = Debug|x64
		{10C392C0-219B-4058-A7D7-B559A5610350}.Debug|x86.ActiveCfg = Debug|Win32
		{10C392C0-219B-4058-A7D7-B559A5610350}.Debug|x86.Build.0 = Debug|Win32
		{10C392C0-219B-4058-A7D7-B559A5610350}.Release|x64.ActiveCfg = Release|Win32
		{10C392C0-219B-4058-A7D7-B559A5610350}.Release|x86.ActiveCfg = Release|Win32
		{10C392C0-219B-4058-A7D7-B559A5610350}.Release|x86.Build.0 = Release|Win32
		{B3C44EF9-DF7E-47D7-A166-9F26F9CE7348}.debug_dll|x64.ActiveCfg = Debug|x64
		{B3C44EF9-DF7E-47D7-A166-9F26F9CE7348}.debug_dll|x64.Build.0 = Debug|x64
		{B3C44EF9-DF7E-47D7-A166-9F26F9CE7348}.debug_dll|x86.ActiveCfg = Debug|Win32
		{B3C44EF9-DF7E-47D7-A166-9F26F9CE7348}.debug_dll|x86.Build.0 = Debug|Win32
		{B3C44EF9-DF7E-47D7-A166-9F26F9CE7348}.Debug|x64.ActiveCfg = Debug|x64
		{B3C44EF9-DF7E-47D7-A166-9F26F9CE7348}.Debug|x64.Build.0 = Debug|x64
		{B3C44EF9-DF7E-47D7-A166-9F26F9CE7348}.Debug|x86.ActiveCfg = Debug|Win32
		{B3C44EF9-DF7E-47D7-A166-9F26F9CE7348}.Debug|x86.Build.0 = Debug|Win32
		{B3C44EF9-DF7E-47D7-A166-9F26F9CE7348}.Release|x64.ActiveCfg = Release|x64
		{B3C44EF9-DF7E-47D7-A166-9F26F9CE7348}.Release|x64.Build.0 = Release|x64
		{B3C44EF9-DF7E-47D7-A166-9F26F9CE7348}.Release|x86.ActiveCfg = Release|Win32
		{B3C44EF9-DF7E-47D7-A166-9F26F9CE7348}.Release|x86.Build.0 = Release|Win32
		{6A175D1F-F40F-4614-A0A4-5B5322483EF9}.debug_dll|x64.ActiveCfg = Debug|x64
		{6A175D1F-F40F-4614-A0A4-5B5322483EF9}.debug_dll|x64.Build.0 = Debug|x64
		{6A175D1F-F40F-4614-A0A4-5B5322483EF9}.debug_dll|x86.ActiveCfg = Debug|Win32
		{6A175D1F-F40F-4614-A0A4-5B5322483EF9}.debug_dll|x86.Build.0 = Debug|Win32
		{6A175D1F-F40F-4614-A0A4-5B5322483EF9}.Debug|x64.ActiveCfg = Debug|x64
		{6A175D1F-F40F-4614-A0A4-5B5322483EF9}.Debug|x64.Build.0 = Debug|x64
		{6A175D1F-F40F-4614-A0A4-5B5322483EF9}.Debug|x86.ActiveCfg = Debug|Win32
		{6A175D1F-F40F-4614-A0A4-5B5322483EF9}.Debug|x86.Build.0 = Debug|Win32
		{6A175D1F-F40F-4614-A0A4-5B5322483EF9}.Release|x64.ActiveCfg = Release|x64
		{6A175D1F-F40F-4614-A0A4-5B5322483EF9}.Release|x64.Build.0 = Release|x64
		{6A175D1F-F40F-4614-A0A4-5B5322483EF9}.Release|x86.ActiveCfg = Release|Win32
		{6A175D1F-F40F-4614-A0A4-5B5322483EF9}.Release|x86.Build.0 = Release|Win32
		{16B86098-11EA-472A-967C-F84FF2C174F5}.debug_dll|x64.ActiveCfg = debug_dll|Win32
		{16B86098-11EA-472A-967C-F84FF2C174F5}.debug_dll|x86.ActiveCfg = debug_dll|Win32
		{16B86098-11EA-472A-967C-F84FF2C174F5}.debug_dll|x86.Build.0 = debug_dll|Win32
		{16B86098-11EA-472A-967C-F84FF2C174F5}.Debug|x64.ActiveCfg = Debug|x64
		{16B86098-11EA-472A-967C-F84FF2C174F5}.Debug|x64.Build.0 = Debug|x64
		{16B86098-11EA-472A-967C-F84FF2C174F5}.Debug|x86.ActiveCfg = Debug|Win32
		{16B86098-11EA-472A-967C-F84FF2C174F5}.Debug|x86.Build.0 = Debug|Win32
		{16B86098-11EA-472A-967C-F84FF2C174F5}.Release|x64.ActiveCfg = Release|Win32
		{16B86098-11EA-472A-967C-F84FF2C174F5}.Release|x86.ActiveCfg = Release|Win32
		{16B86098-11EA-472A-967C-F84FF2C174F5}.Release|x86.Build.0 = Release|Win32
		{7DE29BF7-565D-4D8A-B0F0-B5B433527DB9}.debug_dll|x64.ActiveCfg = Debug|x64
		{7DE29BF7-565D-4D8A-B0F0-B5B433527DB9}.debug_dll|x64.Build.0 = Debug|x64
		{7DE29BF7-565D-4D8A-B0F0-B5B433527DB9}.debug_dll|x86.ActiveCfg = Debug|Win32
		{7DE29BF7-565D-4D8A-B0F0-B5B433527DB9}.debug_dll|x86.Build.0 = Debug|Win32
		{7DE29BF7-565D-4D8A-B0F0-B5B433527DB9}.Debug|x64.ActiveCfg = Debug|x64
		{7DE29BF7-565D-4D8A-B0F0-B5B433527DB9}.Debug|x64.Build.0 = Debug|x64
		{7DE29BF7-565D-4D8A-B0F0-B5B433527DB9}.Debug|x86.ActiveCfg = Debug|Win32
		{7DE29BF7-565D-4D8A-B0F0-B5B433527DB9}.Debug|x86.Build.0 = Debug|Win32
		{7DE29BF7-565D-4D8A-B0F0-B5B433527DB9}.Release|x64.ActiveCfg = Release|x64
		{7DE29BF7-565D-4D8A-B0F0-B5B433527DB9}.Release|x64.Build.0 = Release|x64
		{7DE29BF7-565D-4D8A-B0F0-B5B433527DB9}.Release|x86.ActiveCfg = Release|Win32
		{7DE29BF7-565D-4D8A-B0F0-B5B433527DB9}.Release|x86.Build.0 = Release|Win32
		{E71410D5-983E-4DA2-9340-9554E7D3E703}.debug_dll|x64.ActiveCfg = Debug|x64
		{E71410D5-983E-4DA2-9340-9554E7D3E703}.debug_dll|x64.Build.0 = Debug|x64
		{E71410D5-983E-4DA2-9340-9554E7D3E703}.debug_dll|x86.ActiveCfg = Debug|Win32
		{E71410D5-983E-4DA2-9340-9554E7D3E703}.debug_dll|x86.Build.0 = Debug|Win32
		{E71410D5-983E-4DA2-9340-9554E7D3E703}.Debug|x64.ActiveCfg = Debug|x64
		{E71410D5-983E-4DA2-9340-9554E7D3E703}.Debug|x64.Build.0 = Debug|x64
		{E71410D5-983E-4DA2-9340-9554E7D3E703}.Debug|x86.ActiveCfg = Debug|Win32
		{E71410D5-983E-4DA2-9340-9554E7D3E703}.Debug|x86.Build.0 = Debug|Win32
		{E71410D5-983E-4DA2-9340-9554E7D3E703}.Release|x64.ActiveCfg = Release|x64
		{E71410D5-983E-4DA2-9340-9554E7D3E703}.Release|x64.Build.0 = Release|x64
		{E71410D5-983E-4DA2-9340-9554E7D3E703}.Release|x86.ActiveCfg = Release|Win32
		{E71410D5-983E-4DA2-9340-9554E7D3E703}.Release|x86.Build.0 = Release|Win32
		{A35146D7-3F8E-4692-9C31-51752CC89274}.debug_dll|x64.ActiveCfg = Debug|x64
		{A35146D7-3F8E-4692-9C31-51752CC89274}.debug_dll|x64.Build.0 = Debug|x64
		{A35146D7-3F8E-4692-9C31-51752CC89274}.debug_dll|x86.ActiveCfg = Debug|Win32
		{A35146D7-3F8E-4692-9C31-51752CC89274}.debug_dll|x86.Build.0 = Debug|Win32
		{A35146D7-3F8E-4692-9C31-51752CC89274}.Debug|x64.ActiveCfg = Debug|x64
		{A35146D7-3F8E-4692-9C31-51752CC89274}.Debug|x64.Build.0 = Debug|x64
		{A35146D7-3F8E-4692-9C31-51752CC89274}.Debug|x86.ActiveCfg = Debug|Win32
		{A35146D7-3F8E-4692-9C31-51752CC89274}.Debug|x86.Build.0 = Debug|Win32
		{A35146D7-3F8E-4692-9C31-51752CC89274}.Release|x64.ActiveCfg = Release|x64
		{A35146D7-3F8E-4692-9C31-51752CC89274}.Release|x64.Build.0 = Release|x64
		{A35146D7-3F8E-4692-9C31-51752CC89274}.Release|x86.ActiveCfg = Release|Win32
		{A35146D7-3F8E-4692-9C31-51752CC89274}.Release|x86.Build.0 = Release|Win32
		{FEC0B5ED-1544-4AB5-BEC8-B45211DBDCFC}.debug_dll|x64.ActiveCfg = Debug|x64
		{FEC0B5ED-1544-4AB5-BEC8-B45211DBDCFC}.debug_dll|x64.Build.0 = Debug|x64
		{FEC0B5ED-1544-4AB5-BEC8-B45211DBDCFC}.debug_dll|x86.ActiveCfg = Debug|Win32
		{FEC0B5ED-1544-4AB5-BEC8-B45211DBDCFC}.debug_dll|x86.Build.0 = Debug|Win32
		{FEC0B5ED-1544-4AB5-BEC8-B45211DBDCFC}.Debug|x64.ActiveCfg = Debug|x64
		{FEC0B5ED-1544-4AB5-BEC8-B45211DBDCFC}.Debug|x64.Build.0 = Debug|x64
		{FEC0B5ED-1544-4AB5-BEC8-B45211DBDCFC}.Debug|x86.ActiveCfg = Debug|Win32
		{FEC0B5ED-1544-4AB5-BEC8-B45211DBDCFC}.Debug|x86.Build.0 = Debug|Win32
		{FEC0B5ED-1544-4AB5-BEC8-B45211DBDCFC}.Release|x64.ActiveCfg = Release|x64
		{FEC0B5ED-1544-4AB5-BEC8-B45211DBDCFC}.Release|x64.Build.0 = Release|x64
		{FEC0B5ED-1544-4AB5-BEC8-B45211DBDCFC}.Release|x86.ActiveCfg = Release|Win32
		{FEC0B5ED-1544-4AB5-BEC8-B45211DBDCFC}.Release|x86.Build.0 = Release|Win32
		{85535FDB-69C1-4D8D-BEAC-9AD384D33357}.debug_dll|x64.ActiveCfg = Debug|x64
		{85535FDB-69C1-4D8D-BEAC-9AD384D33357}.debug_dll|x64.Build.0 = Debug|x64
		{85535FDB-69C1-4D8D-BEAC-9AD384D33357}.debug_dll|x86.ActiveCfg = Debug|Win32
		{85535FDB-69C1-4D8D-BEAC-9AD384D33357}.debug_dll|x86.Build.0 = Debug|Win32
		{85535FDB-69C1-4D8D-BEAC-9AD384D33357}.Debug|x64.ActiveCfg = Debug|x64
		{85535FDB-69C1-4D8D-BEAC-9AD384D33357}.Debug|x64.Build.0 = Debug|x64
		{85535FDB-69C1-4D8D-BEAC-9AD384D33357}.Debug|x86.ActiveCfg = Debug|Win32
		{85535FDB-69C1-4D8D-BEAC-9AD384D33357}.Debug|x86.Build.0 = Debug|Win32
		{85535FDB-69C1-4D8D-BEAC-9AD384D33357}.Release|x64.ActiveCfg = Release|x64
		{85535FDB-69C1-4D8D-BEAC-9AD384D33357}.Release|x64.Build.0 = Release|x64
		{85535FDB-69C1-4D8D-BEAC-9AD384D33357}.Release|x86.ActiveCfg = Release|Win32
		{85535FDB-69C1-4D8D-BEAC-9AD384D33357}.Release|x86.Build.0 = Release|Win32
		{052F6C35-F96A-4E71-A5A2-EFD8AD1EF3C5}.debug_dll|x64.ActiveCfg = Debug|x64
		{052F6C35-F96A-4E71-A5A2-EFD8AD1EF3C5}.debug_dll|x64.Build.0 = Debug|x64
		{052F6C35-F96A-4E71-A5A2-EFD8AD1EF3C5}.debug_dll|x86.ActiveCfg = Debug|Win32
		{052F6C35-F96A-4E71-A5A2-EFD8AD1EF3C5}.debug_dll|x86.Build.0 = Debug|Win32
		{052F6C35-F96A-4E71-A5A2-EFD8AD1EF3C5}.Debug|x64.ActiveCfg = Debug|x64
		{052F6C35-F96A-4E71-A5A2-EFD8AD1EF3C5}.Debug|x64.Build.0 = Debug|x64
		{052F6C35-F96A-4E71-A5A2-EFD8AD1EF3C5}.Debug|x86.ActiveCfg = Debug|Win32
		{052F6C35-F96A-4E71-A5A2-EFD8AD1EF3C5}.Debug|x86.Build.0 = Debug|Win32
		{052F6C35-F96A-4E71-A5A2-EFD8AD1EF3C5}.Release|x64.ActiveCfg = Release|x64
		{052F6C35-F96A-4E71-A5A2-EFD8AD1EF3C5}.Release|x64.Build.0 = Release|x64
		{052F6C35-F96A-4E71-A5A2-EFD8AD1EF3C5}.Release|x86.ActiveCfg = Release|Win32
		{052F6C35-F96A-4E71-A5A2-EFD8AD1EF3C5}.Release|x86.Build.0 = Release|Win32
		{63488626-490F-4B60-829D-3ECA63D6D10D}.debug_dll|x64.ActiveCfg = Debug|x64
		{63488626-490F-4B60-829D-3ECA63D6D10D}.debug_dll|x64.Build.0 = Debug|x64
		{63488626-490F-4B60-829D-3ECA63D6D10D}.debug_dll|x86.ActiveCfg = Debug|Win32
		{63488626-490F-4B60-829D-3ECA63D6D10D}.debug_dll|x86.Build.0 = Debug|Win32
		{63488626-490F-4B60-829D-3ECA63D6D10D}.Debug|x64.ActiveCfg = Debug|x64
		{63488626-490F-4B60-829D-3ECA63D6D10D}.Debug|x64.Build.0 = Debug|x64
		{63488626-490F-4B60-829D-3ECA63D6D10D}.Debug|x86.ActiveCfg = Debug|Win32
		{63488626-490F-4B60-829D-3ECA63D6D10D}.Debug|x86.Build.0 = Debug|Win32
		{63488626-490F-4B60-829D-3ECA63D6D10D}.Release|x64.ActiveCfg = Release|x64
		{63488626-490F-4B60-829D-3ECA63D6D10D}.Release|x64.Build.0 = Release|x64
		{63488626-490F-4B60-829D-3ECA63D6D10D}.Release|x86.ActiveCfg = Release|Win32
		{63488626-490F-4B60-829D-3ECA63D6D10D}.Release|x86.Build.0 = Release|Win32
	EndGlobalSection
	GlobalSection(SolutionProperties) = preSolution
		HideSolutionNode = FALSE
	EndGlobalSection
	GlobalSection(NestedProjects) = preSolution
		{1748E66E-C250-4A4E-A122-39425777FEA4} = {A52648D1-7DE3-4C23-918D-A62D1D5423AE}
		{93762AE9-DB4D-44ED-8FF8-38CA5F78DE82} = {A52648D1-7DE3-4C23-918D-A62D1D5423AE}
		{3ED17204-CCBD-4B44-9173-63C7546D06B3} = {A52648D1-7DE3-4C23-918D-A62D1D5423AE}
		{590D2653-9782-4FB4-A598-6FB21BF9AC57} = {27C40CC8-96D7-4CFC-9CAB-E62B22007F8D}
		{53764E68-7632-4A1A-AA45-702E769696B5} = {A52648D1-7DE3-4C23-918D-A62D1D5423AE}
	EndGlobalSection
	GlobalSection(ExtensibilityGlobals) = postSolution
		SolutionGuid = {C7B0AC22-BE2E-433A-836F-891CB967A3B1}
	EndGlobalSection
EndGlobal
