<?xml version="1.0" encoding="utf-8"?>
<Project ToolsVersion="4.0" xmlns="http://schemas.microsoft.com/developer/msbuild/2003">
  <ItemGroup>
    <ClInclude Include="sha1.h" />
    <ClInclude Include="shafile.h" />
    <ClInclude Include="cltype.h" />
    <ClInclude Include="speaker.h" />
    <ClInclude Include="singleton.h" />
    <ClInclude Include="timer.h" />
    <ClInclude Include="util.h" />
    <ClInclude Include="file64.h" />
    <ClInclude Include="worker.h" />
    <ClInclude Include="semaphore.h" />
    <ClInclude Include="guards.h" />
    <ClInclude Include="crc32.h" />
    <ClInclude Include="bstream.h" />
    <ClInclude Include="incnet.h" />
    <ClInclude Include="net.h" />
    <ClInclude Include="clarray.h" />
    <ClInclude Include="clreactor.h" />
    <ClInclude Include="tcpchannel.h" />
    <ClInclude Include="memblock.h" />
    <ClInclude Include="sorter.h" />
    <ClInclude Include="clhash.h" />
    <ClInclude Include="bittable.h" />
    <ClInclude Include="bit.h" />
    <ClInclude Include="tcpacceptor.h" />
    <ClInclude Include="tcppeer.h" />
    <ClInclude Include="slice.h" />
    <ClInclude Include="urlcode.h" />
    <ClInclude Include="json.h" />
    <ClInclude Include="jsonrp.h" />
    <ClInclude Include="jsonrpctest.h" />
    <ClInclude Include="rfdelete.h" />
    <ClInclude Include="httpcinfo.h" />
    <ClInclude Include="httpc.h" />
    <ClInclude Include="message.h" />
    <ClInclude Include="aes128.h" />
    <ClInclude Include="file32.h" />
    <ClInclude Include="inifile.h" />
    <ClInclude Include="clxml.h" />
    <ClInclude Include="crypp.h" />
    <ClInclude Include="claes.h" />
    <ClInclude Include="clbase64.h" />
    <ClInclude Include="clmd5.h" />
    <ClInclude Include="clsha3.h" />
  </ItemGroup>
  <ItemGroup>
    <ClCompile Include="sha1.cpp" />
    <ClCompile Include="shafile.cpp" />
    <ClCompile Include="cltype.cpp" />
    <ClCompile Include="speaker.cpp" />
    <ClCompile Include="singleton.cpp" />
    <ClCompile Include="timer.cpp" />
    <ClCompile Include="util.cpp" />
    <ClCompile Include="file64.cpp" />
    <ClCompile Include="worker.cpp" />
    <ClCompile Include="semaphore.cpp" />
    <ClCompile Include="guards.cpp" />
    <ClCompile Include="crc32.cpp" />
    <ClCompile Include="bstream.cpp" />
    <ClCompile Include="net.cpp" />
    <ClCompile Include="clarray.cpp" />
    <ClCompile Include="clreactor.cpp" />
    <ClCompile Include="tcpchannel.cpp" />
    <ClCompile Include="memblock.cpp" />
    <ClCompile Include="clhash.cpp" />
    <ClCompile Include="bittable.cpp" />
    <ClCompile Include="bit.cpp" />
    <ClCompile Include="tcpacceptor.cpp" />
    <ClCompile Include="tcppeer.cpp" />
    <ClCompile Include="slice.cpp" />
    <ClCompile Include="urlcode.cpp" />
    <ClCompile Include="jsonrp.cpp" />
    <ClCompile Include="jsonrpctest.cpp" />
    <ClCompile Include="rfdelete.cpp" />
    <ClCompile Include="httpcinfo.cpp" />
    <ClCompile Include="httpc.cpp" />
    <ClCompile Include="message.cpp" />
    <ClCompile Include="aes128.cpp" />
    <ClCompile Include="file32.cpp" />
    <ClCompile Include="inifile.cpp" />
    <ClCompile Include="clxml.cpp" />
    <ClCompile Include="crypp.cpp" />
    <ClCompile Include="claes.cpp" />
    <ClCompile Include="clbase64.cpp" />
    <ClCompile Include="clmd5.cpp" />
    <ClCompile Include="clsha3.cpp" />
  </ItemGroup>
</Project>